
Microsoft Visual Studio Solution File, Format Version 12.00
# Visual Studio Version 17
VisualStudioVersion = 17.9.34723.18
MinimumVisualStudioVersion = 10.0.40219.1
Project("{FAE04EC0-301F-11D3-BF4B-00C04F79EFBC}") = "Finn", "Finn\Finn.csproj", "{F845C685-96CC-BA2E-6C5F-EE32A1B19B39}"
EndProject
Project("{FAE04EC0-301F-11D3-BF4B-00C04F79EFBC}") = "Finn.Desktop", "Finn.Desktop\Finn.Desktop.csproj", "{EC42B5ED-EB1F-8B7B-744E-1BB50B66007F}"
EndProject
Project("{FAE04EC0-301F-11D3-BF4B-00C04F79EFBC}") = "MuPDFCore.MuPDFRenderer", "MuPDFCore.MuPDFRenderer\MuPDFCore.MuPDFRenderer.csproj", "{4592C9C3-C53C-4A43-B46D-889E3C3FA41C}"
EndProject
Global
	GlobalSection(SolutionConfigurationPlatforms) = preSolution
		Debug|Any CPU = Debug|Any CPU
		Debug|x64 = Debug|x64
		Debug|x86 = Debug|x86
		Release|Any CPU = Release|Any CPU
		Release|x64 = Release|x64
		Release|x86 = Release|x86
	EndGlobalSection
	GlobalSection(ProjectConfigurationPlatforms) = postSolution
		{F845C685-96CC-BA2E-6C5F-EE32A1B19B39}.Debug|Any CPU.ActiveCfg = Debug|Any CPU
		{F845C685-96CC-BA2E-6C5F-EE32A1B19B39}.Debug|Any CPU.Build.0 = Debug|Any CPU
		{F845C685-96CC-BA2E-6C5F-EE32A1B19B39}.Debug|x64.ActiveCfg = Debug|Any CPU
		{F845C685-96CC-BA2E-6C5F-EE32A1B19B39}.Debug|x64.Build.0 = Debug|Any CPU
		{F845C685-96CC-BA2E-6C5F-EE32A1B19B39}.Debug|x86.ActiveCfg = Debug|Any CPU
		{F845C685-96CC-BA2E-6C5F-EE32A1B19B39}.Debug|x86.Build.0 = Debug|Any CPU
		{F845C685-96CC-BA2E-6C5F-EE32A1B19B39}.Release|Any CPU.ActiveCfg = Release|Any CPU
		{F845C685-96CC-BA2E-6C5F-EE32A1B19B39}.Release|Any CPU.Build.0 = Release|Any CPU
		{F845C685-96CC-BA2E-6C5F-EE32A1B19B39}.Release|x64.ActiveCfg = Release|Any CPU
		{F845C685-96CC-BA2E-6C5F-EE32A1B19B39}.Release|x64.Build.0 = Release|Any CPU
		{F845C685-96CC-BA2E-6C5F-EE32A1B19B39}.Release|x86.ActiveCfg = Release|Any CPU
		{F845C685-96CC-BA2E-6C5F-EE32A1B19B39}.Release|x86.Build.0 = Release|Any CPU
		{EC42B5ED-EB1F-8B7B-744E-1BB50B66007F}.Debug|Any CPU.ActiveCfg = Debug|Any CPU
		{EC42B5ED-EB1F-8B7B-744E-1BB50B66007F}.Debug|Any CPU.Build.0 = Debug|Any CPU
		{EC42B5ED-EB1F-8B7B-744E-1BB50B66007F}.Debug|x64.ActiveCfg = Debug|Any CPU
		{EC42B5ED-EB1F-8B7B-744E-1BB50B66007F}.Debug|x64.Build.0 = Debug|Any CPU
		{EC42B5ED-EB1F-8B7B-744E-1BB50B66007F}.Debug|x86.ActiveCfg = Debug|Any CPU
		{EC42B5ED-EB1F-8B7B-744E-1BB50B66007F}.Debug|x86.Build.0 = Debug|Any CPU
		{EC42B5ED-EB1F-8B7B-744E-1BB50B66007F}.Release|Any CPU.ActiveCfg = Release|Any CPU
		{EC42B5ED-EB1F-8B7B-744E-1BB50B66007F}.Release|Any CPU.Build.0 = Release|Any CPU
		{EC42B5ED-EB1F-8B7B-744E-1BB50B66007F}.Release|x64.ActiveCfg = Release|Any CPU
		{EC42B5ED-EB1F-8B7B-744E-1BB50B66007F}.Release|x64.Build.0 = Release|Any CPU
		{EC42B5ED-EB1F-8B7B-744E-1BB50B66007F}.Release|x86.ActiveCfg = Release|Any CPU
		{EC42B5ED-EB1F-8B7B-744E-1BB50B66007F}.Release|x86.Build.0 = Release|Any CPU
		{4592C9C3-C53C-4A43-B46D-889E3C3FA41C}.Debug|Any CPU.ActiveCfg = Debug|Any CPU
		{4592C9C3-C53C-4A43-B46D-889E3C3FA41C}.Debug|Any CPU.Build.0 = Debug|Any CPU
		{4592C9C3-C53C-4A43-B46D-889E3C3FA41C}.Debug|x64.ActiveCfg = Debug|Any CPU
		{4592C9C3-C53C-4A43-B46D-889E3C3FA41C}.Debug|x64.Build.0 = Debug|Any CPU
		{4592C9C3-C53C-4A43-B46D-889E3C3FA41C}.Debug|x86.ActiveCfg = Debug|Any CPU
		{4592C9C3-C53C-4A43-B46D-889E3C3FA41C}.Debug|x86.Build.0 = Debug|Any CPU
		{4592C9C3-C53C-4A43-B46D-889E3C3FA41C}.Release|Any CPU.ActiveCfg = Release|Any CPU
		{4592C9C3-C53C-4A43-B46D-889E3C3FA41C}.Release|Any CPU.Build.0 = Release|Any CPU
		{4592C9C3-C53C-4A43-B46D-889E3C3FA41C}.Release|x64.ActiveCfg = Release|Any CPU
		{4592C9C3-C53C-4A43-B46D-889E3C3FA41C}.Release|x64.Build.0 = Release|Any CPU
		{4592C9C3-C53C-4A43-B46D-889E3C3FA41C}.Release|x86.ActiveCfg = Release|Any CPU
		{4592C9C3-C53C-4A43-B46D-889E3C3FA41C}.Release|x86.Build.0 = Release|Any CPU
	EndGlobalSection
	GlobalSection(SolutionProperties) = preSolution
		HideSolutionNode = FALSE
	EndGlobalSection
	GlobalSection(ExtensibilityGlobals) = postSolution
		SolutionGuid = {224A654A-5489-4E1B-873A-A67A896AA8D1}
	EndGlobalSection
EndGlobal
