
Microsoft Visual Studio Solution File, Format Version 12.00
# Visual Studio Version 17
VisualStudioVersion = 17.9.34723.18
MinimumVisualStudioVersion = 10.0.40219.1
Project("{FAE04EC0-301F-11D3-BF4B-00C04F79EFBC}") = "Finn", "Finn\Finn.csproj", "{F845C685-96CC-BA2E-6C5F-EE32A1B19B39}"
EndProject
Project("{FAE04EC0-301F-11D3-BF4B-00C04F79EFBC}") = "Finn.Desktop", "Finn.Desktop\Finn.Desktop.csproj", "{EC42B5ED-EB1F-8B7B-744E-1BB50B66007F}"
EndProject
Global
	GlobalSection(SolutionConfigurationPlatforms) = preSolution
		Debug|Any CPU = Debug|Any CPU
		Release|Any CPU = Release|Any CPU
	EndGlobalSection
	GlobalSection(ProjectConfigurationPlatforms) = postSolution
		{F845C685-96CC-BA2E-6C5F-EE32A1B19B39}.Debug|Any CPU.ActiveCfg = Debug|Any CPU
		{F845C685-96CC-BA2E-6C5F-EE32A1B19B39}.Debug|Any CPU.Build.0 = Debug|Any CPU
		{F845C685-96CC-BA2E-6C5F-EE32A1B19B39}.Release|Any CPU.ActiveCfg = Release|Any CPU
		{F845C685-96CC-BA2E-6C5F-EE32A1B19B39}.Release|Any CPU.Build.0 = Release|Any CPU
		{EC42B5ED-EB1F-8B7B-744E-1BB50B66007F}.Debug|Any CPU.ActiveCfg = Debug|Any CPU
		{EC42B5ED-EB1F-8B7B-744E-1BB50B66007F}.Debug|Any CPU.Build.0 = Debug|Any CPU
		{EC42B5ED-EB1F-8B7B-744E-1BB50B66007F}.Release|Any CPU.ActiveCfg = Release|Any CPU
		{EC42B5ED-EB1F-8B7B-744E-1BB50B66007F}.Release|Any CPU.Build.0 = Release|Any CPU
	EndGlobalSection
	GlobalSection(SolutionProperties) = preSolution
		HideSolutionNode = FALSE
	EndGlobalSection
	GlobalSection(ExtensibilityGlobals) = postSolution
		SolutionGuid = {224A654A-5489-4E1B-873A-A67A896AA8D1}
	EndGlobalSection
EndGlobal
